// !$*UTF8*$!
{
	archiveVersion = 1;
	classes = {
	};
	objectVersion = 46;
	objects = {

/* Begin PBXBuildFile section */
		969CC9CB1E2F13C700BB1A5A /* AppDelegate.swift in Sources */ = {isa = PBXBuildFile; fileRef = 969CC9CA1E2F13C700BB1A5A /* AppDelegate.swift */; };
		969CC9CD1E2F13C700BB1A5A /* ViewController.swift in Sources */ = {isa = PBXBuildFile; fileRef = 969CC9CC1E2F13C700BB1A5A /* ViewController.swift */; };
		969CC9D01E2F13C700BB1A5A /* Main.storyboard in Resources */ = {isa = PBXBuildFile; fileRef = 969CC9CE1E2F13C700BB1A5A /* Main.storyboard */; };
		969CC9D21E2F13C700BB1A5A /* Assets.xcassets in Resources */ = {isa = PBXBuildFile; fileRef = 969CC9D11E2F13C700BB1A5A /* Assets.xcassets */; };
		969CC9D51E2F13C700BB1A5A /* LaunchScreen.storyboard in Resources */ = {isa = PBXBuildFile; fileRef = 969CC9D31E2F13C700BB1A5A /* LaunchScreen.storyboard */; };
/* End PBXBuildFile section */

/* Begin PBXFileReference section */
		969CC9C71E2F13C700BB1A5A /* Neuro-QOL Companion.app */ = {isa = PBXFileReference; explicitFileType = wrapper.application; includeInIndex = 0; path = "Neuro-QOL Companion.app"; sourceTree = BUILT_PRODUCTS_DIR; };
		969CC9CA1E2F13C700BB1A5A /* AppDelegate.swift */ = {isa = PBXFileReference; lastKnownFileType = sourcecode.swift; path = AppDelegate.swift; sourceTree = "<group>"; };
		969CC9CC1E2F13C700BB1A5A /* ViewController.swift */ = {isa = PBXFileReference; lastKnownFileType = sourcecode.swift; path = ViewController.swift; sourceTree = "<group>"; };
		969CC9CF1E2F13C700BB1A5A /* Base */ = {isa = PBXFileReference; lastKnownFileType = file.storyboard; name = Base; path = Base.lproj/Main.storyboard; sourceTree = "<group>"; };
		969CC9D11E2F13C700BB1A5A /* Assets.xcassets */ = {isa = PBXFileReference; lastKnownFileType = folder.assetcatalog; path = Assets.xcassets; sourceTree = "<group>"; };
		969CC9D41E2F13C700BB1A5A /* Base */ = {isa = PBXFileReference; lastKnownFileType = file.storyboard; name = Base; path = Base.lproj/LaunchScreen.storyboard; sourceTree = "<group>"; };
		969CC9D61E2F13C700BB1A5A /* Info.plist */ = {isa = PBXFileReference; lastKnownFileType = text.plist.xml; path = Info.plist; sourceTree = "<group>"; };
/* End PBXFileReference section */

/* Begin PBXFrameworksBuildPhase section */
		969CC9C41E2F13C700BB1A5A /* Frameworks */ = {
			isa = PBXFrameworksBuildPhase;
			buildActionMask = 2147483647;
			files = (
			);
			runOnlyForDeploymentPostprocessing = 0;
		};
/* End PBXFrameworksBuildPhase section */

/* Begin PBXGroup section */
		969CC9BE1E2F13C700BB1A5A = {
			isa = PBXGroup;
			children = (
				969CC9C91E2F13C700BB1A5A /* Neuro-QOL Companion */,
				969CC9C81E2F13C700BB1A5A /* Products */,
			);
			sourceTree = "<group>";
		};
		969CC9C81E2F13C700BB1A5A /* Products */ = {
			isa = PBXGroup;
			children = (
				969CC9C71E2F13C700BB1A5A /* Neuro-QOL Companion.app */,
			);
			name = Products;
			sourceTree = "<group>";
		};
		969CC9C91E2F13C700BB1A5A /* Neuro-QOL Companion */ = {
			isa = PBXGroup;
			children = (
				969CC9CA1E2F13C700BB1A5A /* AppDelegate.swift */,
				969CC9CC1E2F13C700BB1A5A /* ViewController.swift */,
				969CC9CE1E2F13C700BB1A5A /* Main.storyboard */,
				969CC9D11E2F13C700BB1A5A /* Assets.xcassets */,
				969CC9D31E2F13C700BB1A5A /* LaunchScreen.storyboard */,
				969CC9D61E2F13C700BB1A5A /* Info.plist */,
			);
			path = "Neuro-QOL Companion";
			sourceTree = "<group>";
		};
/* End PBXGroup section */

/* Begin PBXNativeTarget section */
		969CC9C61E2F13C700BB1A5A /* Neuro-QOL Companion */ = {
			isa = PBXNativeTarget;
			buildConfigurationList = 969CC9D91E2F13C700BB1A5A /* Build configuration list for PBXNativeTarget "Neuro-QOL Companion" */;
			buildPhases = (
				969CC9C31E2F13C700BB1A5A /* Sources */,
				969CC9C41E2F13C700BB1A5A /* Frameworks */,
				969CC9C51E2F13C700BB1A5A /* Resources */,
			);
			buildRules = (
			);
			dependencies = (
			);
			name = "Neuro-QOL Companion";
			productName = "Neuro-QOL Companion";
			productReference = 969CC9C71E2F13C700BB1A5A /* Neuro-QOL Companion.app */;
			productType = "com.apple.product-type.application";
		};
/* End PBXNativeTarget section */

/* Begin PBXProject section */
		969CC9BF1E2F13C700BB1A5A /* Project object */ = {
			isa = PBXProject;
			attributes = {
				LastSwiftUpdateCheck = 0820;
				LastUpgradeCheck = 0820;
				ORGANIZATIONNAME = MJDoiron;
				TargetAttributes = {
					969CC9C61E2F13C700BB1A5A = {
						CreatedOnToolsVersion = 8.2.1;
						ProvisioningStyle = Automatic;
					};
				};
			};
			buildConfigurationList = 969CC9C21E2F13C700BB1A5A /* Build configuration list for PBXProject "Neuro-QOL Companion" */;
			compatibilityVersion = "Xcode 3.2";
			developmentRegion = English;
			hasScannedForEncodings = 0;
			knownRegions = (
				en,
				Base,
			);
			mainGroup = 969CC9BE1E2F13C700BB1A5A;
			productRefGroup = 969CC9C81E2F13C700BB1A5A /* Products */;
			projectDirPath = "";
			projectRoot = "";
			targets = (
				969CC9C61E2F13C700BB1A5A /* Neuro-QOL Companion */,
			);
		};
/* End PBXProject section */

/* Begin PBXResourcesBuildPhase section */
		969CC9C51E2F13C700BB1A5A /* Resources */ = {
			isa = PBXResourcesBuildPhase;
			buildActionMask = 2147483647;
			files = (
				969CC9D51E2F13C700BB1A5A /* LaunchScreen.storyboard in Resources */,
				969CC9D21E2F13C700BB1A5A /* Assets.xcassets in Resources */,
				969CC9D01E2F13C700BB1A5A /* Main.storyboard in Resources */,
			);
			runOnlyForDeploymentPostprocessing = 0;
		};
/* End PBXResourcesBuildPhase section */

/* Begin PBXSourcesBuildPhase section */
		969CC9C31E2F13C700BB1A5A /* Sources */ = {
			isa = PBXSourcesBuildPhase;
			buildActionMask = 2147483647;
			files = (
				969CC9CD1E2F13C700BB1A5A /* ViewController.swift in Sources */,
				969CC9CB1E2F13C700BB1A5A /* AppDelegate.swift in Sources */,
			);
			runOnlyForDeploymentPostprocessing = 0;
		};
/* End PBXSourcesBuildPhase section */

/* Begin PBXVariantGroup section */
		969CC9CE1E2F13C700BB1A5A /* Main.storyboard */ = {
			isa = PBXVariantGroup;
			children = (
				969CC9CF1E2F13C700BB1A5A /* Base */,
			);
			name = Main.storyboard;
			sourceTree = "<group>";
		};
		969CC9D31E2F13C700BB1A5A /* LaunchScreen.storyboard */ = {
			isa = PBXVariantGroup;
			children = (
				969CC9D41E2F13C700BB1A5A /* Base */,
			);
			name = LaunchScreen.storyboard;
			sourceTree = "<group>";
		};
/* End PBXVariantGroup section */

/* Begin XCBuildConfiguration section */
		969CC9D71E2F13C700BB1A5A /* Debug */ = {
			isa = XCBuildConfiguration;
			buildSettings = {
				ALWAYS_SEARCH_USER_PATHS = NO;
				CLANG_ANALYZER_NONNULL = YES;
				CLANG_CXX_LANGUAGE_STANDARD = "gnu++0x";
				CLANG_CXX_LIBRARY = "libc++";
				CLANG_ENABLE_MODULES = YES;
				CLANG_ENABLE_OBJC_ARC = YES;
				CLANG_WARN_BOOL_CONVERSION = YES;
				CLANG_WARN_CONSTANT_CONVERSION = YES;
				CLANG_WARN_DIRECT_OBJC_ISA_USAGE = YES_ERROR;
				CLANG_WARN_DOCUMENTATION_COMMENTS = YES;
				CLANG_WARN_EMPTY_BODY = YES;
				CLANG_WARN_ENUM_CONVERSION = YES;
				CLANG_WARN_INFINITE_RECURSION = YES;
				CLANG_WARN_INT_CONVERSION = YES;
				CLANG_WARN_OBJC_ROOT_CLASS = YES_ERROR;
				CLANG_WARN_SUSPICIOUS_MOVE = YES;
				CLANG_WARN_UNREACHABLE_CODE = YES;
				CLANG_WARN__DUPLICATE_METHOD_MATCH = YES;
				"CODE_SIGN_IDENTITY[sdk=iphoneos*]" = "iPhone Developer";
				COPY_PHASE_STRIP = NO;
				DEBUG_INFORMATION_FORMAT = dwarf;
				ENABLE_STRICT_OBJC_MSGSEND = YES;
				ENABLE_TESTABILITY = YES;
				GCC_C_LANGUAGE_STANDARD = gnu99;
				GCC_DYNAMIC_NO_PIC = NO;
				GCC_NO_COMMON_BLOCKS = YES;
				GCC_OPTIMIZATION_LEVEL = 0;
				GCC_PREPROCESSOR_DEFINITIONS = (
					"DEBUG=1",
					"$(inherited)",
				);
				GCC_WARN_64_TO_32_BIT_CONVERSION = YES;
				GCC_WARN_ABOUT_RETURN_TYPE = YES_ERROR;
				GCC_WARN_UNDECLARED_SELECTOR = YES;
				GCC_WARN_UNINITIALIZED_AUTOS = YES_AGGRESSIVE;
				GCC_WARN_UNUSED_FUNCTION = YES;
				GCC_WARN_UNUSED_VARIABLE = YES;
				IPHONEOS_DEPLOYMENT_TARGET = 10.2;
				MTL_ENABLE_DEBUG_INFO = YES;
				ONLY_ACTIVE_ARCH = YES;
				SDKROOT = iphoneos;
				SWIFT_ACTIVE_COMPILATION_CONDITIONS = DEBUG;
				SWIFT_OPTIMIZATION_LEVEL = "-Onone";
				TARGETED_DEVICE_FAMILY = "1,2";
			};
			name = Debug;
		};
		969CC9D81E2F13C700BB1A5A /* Release */ = {
			isa = XCBuildConfiguration;
			buildSettings = {
				ALWAYS_SEARCH_USER_PATHS = NO;
				CLANG_ANALYZER_NONNULL = YES;
				CLANG_CXX_LANGUAGE_STANDARD = "gnu++0x";
				CLANG_CXX_LIBRARY = "libc++";
				CLANG_ENABLE_MODULES = YES;
				CLANG_ENABLE_OBJC_ARC = YES;
				CLANG_WARN_BOOL_CONVERSION = YES;
				CLANG_WARN_CONSTANT_CONVERSION = YES;
				CLANG_WARN_DIRECT_OBJC_ISA_USAGE = YES_ERROR;
				CLANG_WARN_DOCUMENTATION_COMMENTS = YES;
				CLANG_WARN_EMPTY_BODY = YES;
				CLANG_WARN_ENUM_CONVERSION = YES;
				CLANG_WARN_INFINITE_RECURSION = YES;
				CLANG_WARN_INT_CONVERSION = YES;
				CLANG_WARN_OBJC_ROOT_CLASS = YES_ERROR;
				CLANG_WARN_SUSPICIOUS_MOVE = YES;
				CLANG_WARN_UNREACHABLE_CODE = YES;
				CLANG_WARN__DUPLICATE_METHOD_MATCH = YES;
				"CODE_SIGN_IDENTITY[sdk=iphoneos*]" = "iPhone Developer";
				COPY_PHASE_STRIP = NO;
				DEBUG_INFORMATION_FORMAT = "dwarf-with-dsym";
				ENABLE_NS_ASSERTIONS = NO;
				ENABLE_STRICT_OBJC_MSGSEND = YES;
				GCC_C_LANGUAGE_STANDARD = gnu99;
				GCC_NO_COMMON_BLOCKS = YES;
				GCC_WARN_64_TO_32_BIT_CONVERSION = YES;
				GCC_WARN_ABOUT_RETURN_TYPE = YES_ERROR;
				GCC_WARN_UNDECLARED_SELECTOR = YES;
				GCC_WARN_UNINITIALIZED_AUTOS = YES_AGGRESSIVE;
				GCC_WARN_UNUSED_FUNCTION = YES;
				GCC_WARN_UNUSED_VARIABLE = YES;
				IPHONEOS_DEPLOYMENT_TARGET = 10.2;
				MTL_ENABLE_DEBUG_INFO = NO;
				SDKROOT = iphoneos;
				SWIFT_OPTIMIZATION_LEVEL = "-Owholemodule";
				TARGETED_DEVICE_FAMILY = "1,2";
				VALIDATE_PRODUCT = YES;
			};
			name = Release;
		};
		969CC9DA1E2F13C700BB1A5A /* Debug */ = {
			isa = XCBuildConfiguration;
			buildSettings = {
				ASSETCATALOG_COMPILER_APPICON_NAME = AppIcon;
				INFOPLIST_FILE = "Neuro-QOL Companion/Info.plist";
				LD_RUNPATH_SEARCH_PATHS = "$(inherited) @executable_path/Frameworks";
				PRODUCT_BUNDLE_IDENTIFIER = "mjdoiron.Neuro-QOL-Companion";
				PRODUCT_NAME = "$(TARGET_NAME)";
				SWIFT_VERSION = 3.0;
			};
			name = Debug;
		};
		969CC9DB1E2F13C700BB1A5A /* Release */ = {
			isa = XCBuildConfiguration;
			buildSettings = {
				ASSETCATALOG_COMPILER_APPICON_NAME = AppIcon;
				INFOPLIST_FILE = "Neuro-QOL Companion/Info.plist";
				LD_RUNPATH_SEARCH_PATHS = "$(inherited) @executable_path/Frameworks";
				PRODUCT_BUNDLE_IDENTIFIER = "mjdoiron.Neuro-QOL-Companion";
				PRODUCT_NAME = "$(TARGET_NAME)";
				SWIFT_VERSION = 3.0;
			};
			name = Release;
		};
/* End XCBuildConfiguration section */

/* Begin XCConfigurationList section */
		969CC9C21E2F13C700BB1A5A /* Build configuration list for PBXProject "Neuro-QOL Companion" */ = {
			isa = XCConfigurationList;
			buildConfigurations = (
				969CC9D71E2F13C700BB1A5A /* Debug */,
				969CC9D81E2F13C700BB1A5A /* Release */,
			);
			defaultConfigurationIsVisible = 0;
			defaultConfigurationName = Release;
		};
		969CC9D91E2F13C700BB1A5A /* Build configuration list for PBXNativeTarget "Neuro-QOL Companion" */ = {
			isa = XCConfigurationList;
			buildConfigurations = (
				969CC9DA1E2F13C700BB1A5A /* Debug */,
				969CC9DB1E2F13C700BB1A5A /* Release */,
			);
			defaultConfigurationIsVisible = 0;
		};
/* End XCConfigurationList section */
	};
	rootObject = 969CC9BF1E2F13C700BB1A5A /* Project object */;
}
